// !$*UTF8*$!
{
	archiveVersion = 1;
	classes = {
	};
	objectVersion = 46;
	objects = {

/* Begin PBXBuildFile section */
		CA224C4518C3EADA0069E121 /* Foundation.framework in Frameworks */ = {isa = PBXBuildFile; fileRef = CA224C4418C3EADA0069E121 /* Foundation.framework */; };
		CA224C4718C3EADA0069E121 /* CoreGraphics.framework in Frameworks */ = {isa = PBXBuildFile; fileRef = CA224C4618C3EADA0069E121 /* CoreGraphics.framework */; };
		CA224C4918C3EADA0069E121 /* UIKit.framework in Frameworks */ = {isa = PBXBuildFile; fileRef = CA224C4818C3EADA0069E121 /* UIKit.framework */; };
		CA224C4F18C3EADA0069E121 /* InfoPlist.strings in Resources */ = {isa = PBXBuildFile; fileRef = CA224C4D18C3EADA0069E121 /* InfoPlist.strings */; };
		CA224C5118C3EADA0069E121 /* main.m in Sources */ = {isa = PBXBuildFile; fileRef = CA224C5018C3EADA0069E121 /* main.m */; };
		CA224C5518C3EADA0069E121 /* sampleAppDelegate.m in Sources */ = {isa = PBXBuildFile; fileRef = CA224C5418C3EADA0069E121 /* sampleAppDelegate.m */; };
		CA224C5818C3EADA0069E121 /* Main_iPhone.storyboard in Resources */ = {isa = PBXBuildFile; fileRef = CA224C5618C3EADA0069E121 /* Main_iPhone.storyboard */; };
		CA224C5B18C3EADA0069E121 /* Main_iPad.storyboard in Resources */ = {isa = PBXBuildFile; fileRef = CA224C5918C3EADA0069E121 /* Main_iPad.storyboard */; };
		CA224C5E18C3EADA0069E121 /* mainViewController.m in Sources */ = {isa = PBXBuildFile; fileRef = CA224C5D18C3EADA0069E121 /* mainViewController.m */; };
		CA224C6018C3EADA0069E121 /* Images.xcassets in Resources */ = {isa = PBXBuildFile; fileRef = CA224C5F18C3EADA0069E121 /* Images.xcassets */; };
		CA224C6718C3EADA0069E121 /* XCTest.framework in Frameworks */ = {isa = PBXBuildFile; fileRef = CA224C6618C3EADA0069E121 /* XCTest.framework */; };
		CA224C6818C3EADA0069E121 /* Foundation.framework in Frameworks */ = {isa = PBXBuildFile; fileRef = CA224C4418C3EADA0069E121 /* Foundation.framework */; };
		CA224C6918C3EADA0069E121 /* UIKit.framework in Frameworks */ = {isa = PBXBuildFile; fileRef = CA224C4818C3EADA0069E121 /* UIKit.framework */; };
		CA224C7118C3EADA0069E121 /* InfoPlist.strings in Resources */ = {isa = PBXBuildFile; fileRef = CA224C6F18C3EADA0069E121 /* InfoPlist.strings */; };
		CA224C7318C3EADA0069E121 /* WebViewSampleTests.m in Sources */ = {isa = PBXBuildFile; fileRef = CA224C7218C3EADA0069E121 /* WebViewSampleTests.m */; };
		CA5E505318C53C9200119D08 /* cottage-32.png in Resources */ = {isa = PBXBuildFile; fileRef = CA5E505218C53C9200119D08 /* cottage-32.png */; };
		CA5E505518C53CEE00119D08 /* note-32.png in Resources */ = {isa = PBXBuildFile; fileRef = CA5E505418C53CEE00119D08 /* note-32.png */; };
		CA5E505818C53DDA00119D08 /* add_list-32.png in Resources */ = {isa = PBXBuildFile; fileRef = CA5E505618C53DDA00119D08 /* add_list-32.png */; };
		CA5E505918C53DDA00119D08 /* make_decision-32.png in Resources */ = {isa = PBXBuildFile; fileRef = CA5E505718C53DDA00119D08 /* make_decision-32.png */; };
		CAEE310318D3E5F800FDAD3E /* PostViewController.m in Sources */ = {isa = PBXBuildFile; fileRef = CAEE310218D3E5F800FDAD3E /* PostViewController.m */; };
/* End PBXBuildFile section */

/* Begin PBXContainerItemProxy section */
		CA224C6A18C3EADA0069E121 /* PBXContainerItemProxy */ = {
			isa = PBXContainerItemProxy;
			containerPortal = CA224C3918C3EADA0069E121 /* Project object */;
			proxyType = 1;
			remoteGlobalIDString = CA224C4018C3EADA0069E121;
			remoteInfo = WebViewSample;
		};
/* End PBXContainerItemProxy section */

/* Begin PBXFileReference section */
		CA224C4118C3EADA0069E121 /* WebViewSample.app */ = {isa = PBXFileReference; explicitFileType = wrapper.application; includeInIndex = 0; path = WebViewSample.app; sourceTree = BUILT_PRODUCTS_DIR; };
		CA224C4418C3EADA0069E121 /* Foundation.framework */ = {isa = PBXFileReference; lastKnownFileType = wrapper.framework; name = Foundation.framework; path = System/Library/Frameworks/Foundation.framework; sourceTree = SDKROOT; };
		CA224C4618C3EADA0069E121 /* CoreGraphics.framework */ = {isa = PBXFileReference; lastKnownFileType = wrapper.framework; name = CoreGraphics.framework; path = System/Library/Frameworks/CoreGraphics.framework; sourceTree = SDKROOT; };
		CA224C4818C3EADA0069E121 /* UIKit.framework */ = {isa = PBXFileReference; lastKnownFileType = wrapper.framework; name = UIKit.framework; path = System/Library/Frameworks/UIKit.framework; sourceTree = SDKROOT; };
		CA224C4C18C3EADA0069E121 /* WebViewSample-Info.plist */ = {isa = PBXFileReference; lastKnownFileType = text.plist.xml; path = "WebViewSample-Info.plist"; sourceTree = "<group>"; };
		CA224C4E18C3EADA0069E121 /* en */ = {isa = PBXFileReference; lastKnownFileType = text.plist.strings; name = en; path = en.lproj/InfoPlist.strings; sourceTree = "<group>"; };
		CA224C5018C3EADA0069E121 /* main.m */ = {isa = PBXFileReference; lastKnownFileType = sourcecode.c.objc; path = main.m; sourceTree = "<group>"; };
		CA224C5218C3EADA0069E121 /* WebViewSample-Prefix.pch */ = {isa = PBXFileReference; lastKnownFileType = sourcecode.c.h; path = "WebViewSample-Prefix.pch"; sourceTree = "<group>"; };
		CA224C5318C3EADA0069E121 /* sampleAppDelegate.h */ = {isa = PBXFileReference; lastKnownFileType = sourcecode.c.h; path = sampleAppDelegate.h; sourceTree = "<group>"; };
		CA224C5418C3EADA0069E121 /* sampleAppDelegate.m */ = {isa = PBXFileReference; lastKnownFileType = sourcecode.c.objc; path = sampleAppDelegate.m; sourceTree = "<group>"; };
		CA224C5718C3EADA0069E121 /* Base */ = {isa = PBXFileReference; lastKnownFileType = file.storyboard; name = Base; path = Base.lproj/Main_iPhone.storyboard; sourceTree = "<group>"; };
		CA224C5A18C3EADA0069E121 /* Base */ = {isa = PBXFileReference; lastKnownFileType = file.storyboard; name = Base; path = Base.lproj/Main_iPad.storyboard; sourceTree = "<group>"; };
		CA224C5C18C3EADA0069E121 /* mainViewController.h */ = {isa = PBXFileReference; lastKnownFileType = sourcecode.c.h; path = mainViewController.h; sourceTree = "<group>"; };
		CA224C5D18C3EADA0069E121 /* mainViewController.m */ = {isa = PBXFileReference; lastKnownFileType = sourcecode.c.objc; path = mainViewController.m; sourceTree = "<group>"; };
		CA224C5F18C3EADA0069E121 /* Images.xcassets */ = {isa = PBXFileReference; lastKnownFileType = folder.assetcatalog; path = Images.xcassets; sourceTree = "<group>"; };
		CA224C6518C3EADA0069E121 /* WebViewSampleTests.xctest */ = {isa = PBXFileReference; explicitFileType = wrapper.cfbundle; includeInIndex = 0; path = WebViewSampleTests.xctest; sourceTree = BUILT_PRODUCTS_DIR; };
		CA224C6618C3EADA0069E121 /* XCTest.framework */ = {isa = PBXFileReference; lastKnownFileType = wrapper.framework; name = XCTest.framework; path = Library/Frameworks/XCTest.framework; sourceTree = DEVELOPER_DIR; };
		CA224C6E18C3EADA0069E121 /* WebViewSampleTests-Info.plist */ = {isa = PBXFileReference; lastKnownFileType = text.plist.xml; path = "WebViewSampleTests-Info.plist"; sourceTree = "<group>"; };
		CA224C7018C3EADA0069E121 /* en */ = {isa = PBXFileReference; lastKnownFileType = text.plist.strings; name = en; path = en.lproj/InfoPlist.strings; sourceTree = "<group>"; };
		CA224C7218C3EADA0069E121 /* WebViewSampleTests.m */ = {isa = PBXFileReference; lastKnownFileType = sourcecode.c.objc; path = WebViewSampleTests.m; sourceTree = "<group>"; };
		CA5E505218C53C9200119D08 /* cottage-32.png */ = {isa = PBXFileReference; lastKnownFileType = image.png; name = "cottage-32.png"; path = "../cottage-32.png"; sourceTree = "<group>"; };
		CA5E505418C53CEE00119D08 /* note-32.png */ = {isa = PBXFileReference; lastKnownFileType = image.png; path = "note-32.png"; sourceTree = "<group>"; };
		CA5E505618C53DDA00119D08 /* add_list-32.png */ = {isa = PBXFileReference; lastKnownFileType = image.png; path = "add_list-32.png"; sourceTree = "<group>"; };
		CA5E505718C53DDA00119D08 /* make_decision-32.png */ = {isa = PBXFileReference; lastKnownFileType = image.png; path = "make_decision-32.png"; sourceTree = "<group>"; };
		CAEE310118D3E5F800FDAD3E /* PostViewController.h */ = {isa = PBXFileReference; fileEncoding = 4; lastKnownFileType = sourcecode.c.h; path = PostViewController.h; sourceTree = "<group>"; };
		CAEE310218D3E5F800FDAD3E /* PostViewController.m */ = {isa = PBXFileReference; fileEncoding = 4; lastKnownFileType = sourcecode.c.objc; path = PostViewController.m; sourceTree = "<group>"; };
/* End PBXFileReference section */

/* Begin PBXFrameworksBuildPhase section */
		CA224C3E18C3EADA0069E121 /* Frameworks */ = {
			isa = PBXFrameworksBuildPhase;
			buildActionMask = 2147483647;
			files = (
				CA224C4718C3EADA0069E121 /* CoreGraphics.framework in Frameworks */,
				CA224C4918C3EADA0069E121 /* UIKit.framework in Frameworks */,
				CA224C4518C3EADA0069E121 /* Foundation.framework in Frameworks */,
			);
			runOnlyForDeploymentPostprocessing = 0;
		};
		CA224C6218C3EADA0069E121 /* Frameworks */ = {
			isa = PBXFrameworksBuildPhase;
			buildActionMask = 2147483647;
			files = (
				CA224C6718C3EADA0069E121 /* XCTest.framework in Frameworks */,
				CA224C6918C3EADA0069E121 /* UIKit.framework in Frameworks */,
				CA224C6818C3EADA0069E121 /* Foundation.framework in Frameworks */,
			);
			runOnlyForDeploymentPostprocessing = 0;
		};
/* End PBXFrameworksBuildPhase section */

/* Begin PBXGroup section */
		CA224C3818C3EADA0069E121 = {
			isa = PBXGroup;
			children = (
				CA224C4A18C3EADA0069E121 /* WebViewSample */,
				CA224C6C18C3EADA0069E121 /* WebViewSampleTests */,
				CA224C4318C3EADA0069E121 /* Frameworks */,
				CA224C4218C3EADA0069E121 /* Products */,
			);
			sourceTree = "<group>";
		};
		CA224C4218C3EADA0069E121 /* Products */ = {
			isa = PBXGroup;
			children = (
				CA224C4118C3EADA0069E121 /* WebViewSample.app */,
				CA224C6518C3EADA0069E121 /* WebViewSampleTests.xctest */,
			);
			name = Products;
			sourceTree = "<group>";
		};
		CA224C4318C3EADA0069E121 /* Frameworks */ = {
			isa = PBXGroup;
			children = (
				CA224C4418C3EADA0069E121 /* Foundation.framework */,
				CA224C4618C3EADA0069E121 /* CoreGraphics.framework */,
				CA224C4818C3EADA0069E121 /* UIKit.framework */,
				CA224C6618C3EADA0069E121 /* XCTest.framework */,
			);
			name = Frameworks;
			sourceTree = "<group>";
		};
		CA224C4A18C3EADA0069E121 /* WebViewSample */ = {
			isa = PBXGroup;
			children = (
				CA5E505618C53DDA00119D08 /* add_list-32.png */,
				CA5E505718C53DDA00119D08 /* make_decision-32.png */,
				CA5E505418C53CEE00119D08 /* note-32.png */,
				CA5E505218C53C9200119D08 /* cottage-32.png */,
				CA224C5318C3EADA0069E121 /* sampleAppDelegate.h */,
				CA224C5418C3EADA0069E121 /* sampleAppDelegate.m */,
				CA224C5618C3EADA0069E121 /* Main_iPhone.storyboard */,
				CA224C5918C3EADA0069E121 /* Main_iPad.storyboard */,
				CA224C5C18C3EADA0069E121 /* mainViewController.h */,
				CA224C5D18C3EADA0069E121 /* mainViewController.m */,
				CA224C5F18C3EADA0069E121 /* Images.xcassets */,
				CA224C4B18C3EADA0069E121 /* Supporting Files */,
				CAEE310118D3E5F800FDAD3E /* PostViewController.h */,
				CAEE310218D3E5F800FDAD3E /* PostViewController.m */,
			);
			path = WebViewSample;
			sourceTree = "<group>";
		};
		CA224C4B18C3EADA0069E121 /* Supporting Files */ = {
			isa = PBXGroup;
			children = (
				CA224C4C18C3EADA0069E121 /* WebViewSample-Info.plist */,
				CA224C4D18C3EADA0069E121 /* InfoPlist.strings */,
				CA224C5018C3EADA0069E121 /* main.m */,
				CA224C5218C3EADA0069E121 /* WebViewSample-Prefix.pch */,
			);
			name = "Supporting Files";
			sourceTree = "<group>";
		};
		CA224C6C18C3EADA0069E121 /* WebViewSampleTests */ = {
			isa = PBXGroup;
			children = (
				CA224C7218C3EADA0069E121 /* WebViewSampleTests.m */,
				CA224C6D18C3EADA0069E121 /* Supporting Files */,
			);
			path = WebViewSampleTests;
			sourceTree = "<group>";
		};
		CA224C6D18C3EADA0069E121 /* Supporting Files */ = {
			isa = PBXGroup;
			children = (
				CA224C6E18C3EADA0069E121 /* WebViewSampleTests-Info.plist */,
				CA224C6F18C3EADA0069E121 /* InfoPlist.strings */,
			);
			name = "Supporting Files";
			sourceTree = "<group>";
		};
/* End PBXGroup section */

/* Begin PBXNativeTarget section */
		CA224C4018C3EADA0069E121 /* WebViewSample */ = {
			isa = PBXNativeTarget;
			buildConfigurationList = CA224C7618C3EADA0069E121 /* Build configuration list for PBXNativeTarget "WebViewSample" */;
			buildPhases = (
				CA224C3D18C3EADA0069E121 /* Sources */,
				CA224C3E18C3EADA0069E121 /* Frameworks */,
				CA224C3F18C3EADA0069E121 /* Resources */,
			);
			buildRules = (
			);
			dependencies = (
			);
			name = WebViewSample;
			productName = WebViewSample;
			productReference = CA224C4118C3EADA0069E121 /* WebViewSample.app */;
			productType = "com.apple.product-type.application";
		};
		CA224C6418C3EADA0069E121 /* WebViewSampleTests */ = {
			isa = PBXNativeTarget;
			buildConfigurationList = CA224C7918C3EADA0069E121 /* Build configuration list for PBXNativeTarget "WebViewSampleTests" */;
			buildPhases = (
				CA224C6118C3EADA0069E121 /* Sources */,
				CA224C6218C3EADA0069E121 /* Frameworks */,
				CA224C6318C3EADA0069E121 /* Resources */,
			);
			buildRules = (
			);
			dependencies = (
				CA224C6B18C3EADA0069E121 /* PBXTargetDependency */,
			);
			name = WebViewSampleTests;
			productName = WebViewSampleTests;
			productReference = CA224C6518C3EADA0069E121 /* WebViewSampleTests.xctest */;
			productType = "com.apple.product-type.bundle.unit-test";
		};
/* End PBXNativeTarget section */

/* Begin PBXProject section */
		CA224C3918C3EADA0069E121 /* Project object */ = {
			isa = PBXProject;
			attributes = {
				CLASSPREFIX = sample;
				LastUpgradeCheck = 0510;
				ORGANIZATIONNAME = chanwook;
				TargetAttributes = {
					CA224C6418C3EADA0069E121 = {
						TestTargetID = CA224C4018C3EADA0069E121;
					};
				};
			};
			buildConfigurationList = CA224C3C18C3EADA0069E121 /* Build configuration list for PBXProject "WebViewSample" */;
			compatibilityVersion = "Xcode 3.2";
			developmentRegion = English;
			hasScannedForEncodings = 0;
			knownRegions = (
				en,
				Base,
			);
			mainGroup = CA224C3818C3EADA0069E121;
			productRefGroup = CA224C4218C3EADA0069E121 /* Products */;
			projectDirPath = "";
			projectRoot = "";
			targets = (
				CA224C4018C3EADA0069E121 /* WebViewSample */,
				CA224C6418C3EADA0069E121 /* WebViewSampleTests */,
			);
		};
/* End PBXProject section */

/* Begin PBXResourcesBuildPhase section */
		CA224C3F18C3EADA0069E121 /* Resources */ = {
			isa = PBXResourcesBuildPhase;
			buildActionMask = 2147483647;
			files = (
				CA224C5B18C3EADA0069E121 /* Main_iPad.storyboard in Resources */,
				CA224C6018C3EADA0069E121 /* Images.xcassets in Resources */,
				CA5E505818C53DDA00119D08 /* add_list-32.png in Resources */,
				CA5E505518C53CEE00119D08 /* note-32.png in Resources */,
				CA5E505918C53DDA00119D08 /* make_decision-32.png in Resources */,
				CA224C5818C3EADA0069E121 /* Main_iPhone.storyboard in Resources */,
				CA224C4F18C3EADA0069E121 /* InfoPlist.strings in Resources */,
				CA5E505318C53C9200119D08 /* cottage-32.png in Resources */,
			);
			runOnlyForDeploymentPostprocessing = 0;
		};
		CA224C6318C3EADA0069E121 /* Resources */ = {
			isa = PBXResourcesBuildPhase;
			buildActionMask = 2147483647;
			files = (
				CA224C7118C3EADA0069E121 /* InfoPlist.strings in Resources */,
			);
			runOnlyForDeploymentPostprocessing = 0;
		};
/* End PBXResourcesBuildPhase section */

/* Begin PBXSourcesBuildPhase section */
		CA224C3D18C3EADA0069E121 /* Sources */ = {
			isa = PBXSourcesBuildPhase;
			buildActionMask = 2147483647;
			files = (
				CAEE310318D3E5F800FDAD3E /* PostViewController.m in Sources */,
				CA224C5E18C3EADA0069E121 /* mainViewController.m in Sources */,
				CA224C5518C3EADA0069E121 /* sampleAppDelegate.m in Sources */,
				CA224C5118C3EADA0069E121 /* main.m in Sources */,
			);
			runOnlyForDeploymentPostprocessing = 0;
		};
		CA224C6118C3EADA0069E121 /* Sources */ = {
			isa = PBXSourcesBuildPhase;
			buildActionMask = 2147483647;
			files = (
				CA224C7318C3EADA0069E121 /* WebViewSampleTests.m in Sources */,
			);
			runOnlyForDeploymentPostprocessing = 0;
		};
/* End PBXSourcesBuildPhase section */

/* Begin PBXTargetDependency section */
		CA224C6B18C3EADA0069E121 /* PBXTargetDependency */ = {
			isa = PBXTargetDependency;
			target = CA224C4018C3EADA0069E121 /* WebViewSample */;
			targetProxy = CA224C6A18C3EADA0069E121 /* PBXContainerItemProxy */;
		};
/* End PBXTargetDependency section */

/* Begin PBXVariantGroup section */
		CA224C4D18C3EADA0069E121 /* InfoPlist.strings */ = {
			isa = PBXVariantGroup;
			children = (
				CA224C4E18C3EADA0069E121 /* en */,
			);
			name = InfoPlist.strings;
			sourceTree = "<group>";
		};
		CA224C5618C3EADA0069E121 /* Main_iPhone.storyboard */ = {
			isa = PBXVariantGroup;
			children = (
				CA224C5718C3EADA0069E121 /* Base */,
			);
			name = Main_iPhone.storyboard;
			sourceTree = "<group>";
		};
		CA224C5918C3EADA0069E121 /* Main_iPad.storyboard */ = {
			isa = PBXVariantGroup;
			children = (
				CA224C5A18C3EADA0069E121 /* Base */,
			);
			name = Main_iPad.storyboard;
			sourceTree = "<group>";
		};
		CA224C6F18C3EADA0069E121 /* InfoPlist.strings */ = {
			isa = PBXVariantGroup;
			children = (
				CA224C7018C3EADA0069E121 /* en */,
			);
			name = InfoPlist.strings;
			sourceTree = "<group>";
		};
/* End PBXVariantGroup section */

/* Begin XCBuildConfiguration section */
		CA224C7418C3EADA0069E121 /* Debug */ = {
			isa = XCBuildConfiguration;
			buildSettings = {
				ALWAYS_SEARCH_USER_PATHS = NO;
				CLANG_CXX_LANGUAGE_STANDARD = "gnu++0x";
				CLANG_CXX_LIBRARY = "libc++";
				CLANG_ENABLE_MODULES = YES;
				CLANG_ENABLE_OBJC_ARC = YES;
				CLANG_WARN_BOOL_CONVERSION = YES;
				CLANG_WARN_CONSTANT_CONVERSION = YES;
				CLANG_WARN_DIRECT_OBJC_ISA_USAGE = YES_ERROR;
				CLANG_WARN_EMPTY_BODY = YES;
				CLANG_WARN_ENUM_CONVERSION = YES;
				CLANG_WARN_INT_CONVERSION = YES;
				CLANG_WARN_OBJC_ROOT_CLASS = YES_ERROR;
				CLANG_WARN__DUPLICATE_METHOD_MATCH = YES;
				"CODE_SIGN_IDENTITY[sdk=iphoneos*]" = "iPhone Developer";
				COPY_PHASE_STRIP = NO;
				GCC_C_LANGUAGE_STANDARD = gnu99;
				GCC_DYNAMIC_NO_PIC = NO;
				GCC_OPTIMIZATION_LEVEL = 0;
				GCC_PREPROCESSOR_DEFINITIONS = (
					"DEBUG=1",
					"$(inherited)",
				);
				GCC_SYMBOLS_PRIVATE_EXTERN = NO;
				GCC_WARN_64_TO_32_BIT_CONVERSION = YES;
				GCC_WARN_ABOUT_RETURN_TYPE = YES_ERROR;
				GCC_WARN_UNDECLARED_SELECTOR = YES;
				GCC_WARN_UNINITIALIZED_AUTOS = YES;
				GCC_WARN_UNUSED_FUNCTION = YES;
				GCC_WARN_UNUSED_VARIABLE = YES;
				IPHONEOS_DEPLOYMENT_TARGET = 7.0;
				ONLY_ACTIVE_ARCH = YES;
				SDKROOT = iphoneos;
				TARGETED_DEVICE_FAMILY = "1,2";
			};
			name = Debug;
		};
		CA224C7518C3EADA0069E121 /* Release */ = {
			isa = XCBuildConfiguration;
			buildSettings = {
				ALWAYS_SEARCH_USER_PATHS = NO;
				CLANG_CXX_LANGUAGE_STANDARD = "gnu++0x";
				CLANG_CXX_LIBRARY = "libc++";
				CLANG_ENABLE_MODULES = YES;
				CLANG_ENABLE_OBJC_ARC = YES;
				CLANG_WARN_BOOL_CONVERSION = YES;
				CLANG_WARN_CONSTANT_CONVERSION = YES;
				CLANG_WARN_DIRECT_OBJC_ISA_USAGE = YES_ERROR;
				CLANG_WARN_EMPTY_BODY = YES;
				CLANG_WARN_ENUM_CONVERSION = YES;
				CLANG_WARN_INT_CONVERSION = YES;
				CLANG_WARN_OBJC_ROOT_CLASS = YES_ERROR;
				CLANG_WARN__DUPLICATE_METHOD_MATCH = YES;
				"CODE_SIGN_IDENTITY[sdk=iphoneos*]" = "iPhone Developer";
				COPY_PHASE_STRIP = YES;
				ENABLE_NS_ASSERTIONS = NO;
				GCC_C_LANGUAGE_STANDARD = gnu99;
				GCC_WARN_64_TO_32_BIT_CONVERSION = YES;
				GCC_WARN_ABOUT_RETURN_TYPE = YES_ERROR;
				GCC_WARN_UNDECLARED_SELECTOR = YES;
				GCC_WARN_UNINITIALIZED_AUTOS = YES;
				GCC_WARN_UNUSED_FUNCTION = YES;
				GCC_WARN_UNUSED_VARIABLE = YES;
				IPHONEOS_DEPLOYMENT_TARGET = 7.0;
				SDKROOT = iphoneos;
				TARGETED_DEVICE_FAMILY = "1,2";
				VALIDATE_PRODUCT = YES;
			};
			name = Release;
		};
		CA224C7718C3EADA0069E121 /* Debug */ = {
			isa = XCBuildConfiguration;
			buildSettings = {
				ASSETCATALOG_COMPILER_APPICON_NAME = AppIcon;
				ASSETCATALOG_COMPILER_LAUNCHIMAGE_NAME = LaunchImage;
				GCC_PRECOMPILE_PREFIX_HEADER = YES;
				GCC_PREFIX_HEADER = "WebViewSample/WebViewSample-Prefix.pch";
				INFOPLIST_FILE = "WebViewSample/WebViewSample-Info.plist";
				PRODUCT_NAME = "$(TARGET_NAME)";
				WRAPPER_EXTENSION = app;
			};
			name = Debug;
		};
		CA224C7818C3EADA0069E121 /* Release */ = {
			isa = XCBuildConfiguration;
			buildSettings = {
				ASSETCATALOG_COMPILER_APPICON_NAME = AppIcon;
				ASSETCATALOG_COMPILER_LAUNCHIMAGE_NAME = LaunchImage;
				GCC_PRECOMPILE_PREFIX_HEADER = YES;
				GCC_PREFIX_HEADER = "WebViewSample/WebViewSample-Prefix.pch";
				INFOPLIST_FILE = "WebViewSample/WebViewSample-Info.plist";
				PRODUCT_NAME = "$(TARGET_NAME)";
				WRAPPER_EXTENSION = app;
			};
			name = Release;
		};
		CA224C7A18C3EADA0069E121 /* Debug */ = {
			isa = XCBuildConfiguration;
			buildSettings = {
				BUNDLE_LOADER = "$(BUILT_PRODUCTS_DIR)/WebViewSample.app/WebViewSample";
				FRAMEWORK_SEARCH_PATHS = (
					"$(SDKROOT)/Developer/Library/Frameworks",
					"$(inherited)",
					"$(DEVELOPER_FRAMEWORKS_DIR)",
				);
				GCC_PRECOMPILE_PREFIX_HEADER = YES;
				GCC_PREFIX_HEADER = "WebViewSample/WebViewSample-Prefix.pch";
				GCC_PREPROCESSOR_DEFINITIONS = (
					"DEBUG=1",
					"$(inherited)",
				);
				INFOPLIST_FILE = "WebViewSampleTests/WebViewSampleTests-Info.plist";
				PRODUCT_NAME = "$(TARGET_NAME)";
				TEST_HOST = "$(BUNDLE_LOADER)";
				WRAPPER_EXTENSION = xctest;
			};
			name = Debug;
		};
		CA224C7B18C3EADA0069E121 /* Release */ = {
			isa = XCBuildConfiguration;
			buildSettings = {
				BUNDLE_LOADER = "$(BUILT_PRODUCTS_DIR)/WebViewSample.app/WebViewSample";
				FRAMEWORK_SEARCH_PATHS = (
					"$(SDKROOT)/Developer/Library/Frameworks",
					"$(inherited)",
					"$(DEVELOPER_FRAMEWORKS_DIR)",
				);
				GCC_PRECOMPILE_PREFIX_HEADER = YES;
				GCC_PREFIX_HEADER = "WebViewSample/WebViewSample-Prefix.pch";
				INFOPLIST_FILE = "WebViewSampleTests/WebViewSampleTests-Info.plist";
				PRODUCT_NAME = "$(TARGET_NAME)";
				TEST_HOST = "$(BUNDLE_LOADER)";
				WRAPPER_EXTENSION = xctest;
			};
			name = Release;
		};
/* End XCBuildConfiguration section */

/* Begin XCConfigurationList section */
		CA224C3C18C3EADA0069E121 /* Build configuration list for PBXProject "WebViewSample" */ = {
			isa = XCConfigurationList;
			buildConfigurations = (
				CA224C7418C3EADA0069E121 /* Debug */,
				CA224C7518C3EADA0069E121 /* Release */,
			);
			defaultConfigurationIsVisible = 0;
			defaultConfigurationName = Release;
		};
		CA224C7618C3EADA0069E121 /* Build configuration list for PBXNativeTarget "WebViewSample" */ = {
			isa = XCConfigurationList;
			buildConfigurations = (
				CA224C7718C3EADA0069E121 /* Debug */,
				CA224C7818C3EADA0069E121 /* Release */,
			);
			defaultConfigurationIsVisible = 0;
			defaultConfigurationName = Release;
		};
		CA224C7918C3EADA0069E121 /* Build configuration list for PBXNativeTarget "WebViewSampleTests" */ = {
			isa = XCConfigurationList;
			buildConfigurations = (
				CA224C7A18C3EADA0069E121 /* Debug */,
				CA224C7B18C3EADA0069E121 /* Release */,
			);
			defaultConfigurationIsVisible = 0;
			defaultConfigurationName = Release;
		};
/* End XCConfigurationList section */
	};
	rootObject = CA224C3918C3EADA0069E121 /* Project object */;
}
